
Microsoft Visual Studio Solution File, Format Version 12.00
# Visual Studio Version 17
VisualStudioVersion = 17.1.32210.238
MinimumVisualStudioVersion = 10.0.40219.1
Project("{2150E333-8FDC-42A3-9474-1A3956D46DE8}") = "Src", "Src", "{C87A03E5-6C1C-4099-843B-1A818D63D002}"
EndProject
Project("{2150E333-8FDC-42A3-9474-1A3956D46DE8}") = "Core", "Core", "{CB07D819-3D40-4645-ACDD-7F11BB87BEA6}"
EndProject
Project("{2150E333-8FDC-42A3-9474-1A3956D46DE8}") = "Infrastructures", "Infrastructures", "{7C7673E6-4AF2-4229-8B5B-18F6274B3202}"
EndProject
Project("{2150E333-8FDC-42A3-9474-1A3956D46DE8}") = "Presentation", "Presentation", "{B08585C1-D7C6-44E0-9307-4D09B2B7884D}"
EndProject
Project("{9A19103F-16F7-4668-BE54-9A1E7A4F7556}") = "Domain", "Domain\Domain.csproj", "{462F8DFE-BA77-4E47-BBE9-5C030C82AB9F}"
EndProject
Project("{9A19103F-16F7-4668-BE54-9A1E7A4F7556}") = "Application", "Application\Application.csproj", "{80873E67-AE66-4AF8-A7CE-2F32F1ADDD17}"
EndProject
Project("{9A19103F-16F7-4668-BE54-9A1E7A4F7556}") = "Persistence", "Persistence\Persistence.csproj", "{A784AB26-E42D-4D53-8642-51BB362F2561}"
EndProject
Project("{9A19103F-16F7-4668-BE54-9A1E7A4F7556}") = "Infrastructure", "Infrastructure\Infrastructure.csproj", "{40A55B88-4FFD-40CE-8ADE-74C3B8DF3EB0}"
EndProject
Project("{9A19103F-16F7-4668-BE54-9A1E7A4F7556}") = "WebSite.EndPoint", "WebSite.EndPoint\WebSite.EndPoint.csproj", "{CC27387A-E460-4486-88F9-01ED223CA19E}"
EndProject
Project("{9A19103F-16F7-4668-BE54-9A1E7A4F7556}") = "Admin.EndPoint", "Admin.EndPoint\Admin.EndPoint.csproj", "{65EE0DE0-4A66-405B-9ACF-1617A7FE0BBB}"
EndProject
Project("{2150E333-8FDC-42A3-9474-1A3956D46DE8}") = "Commons", "Commons", "{1F9F28BD-D76B-42CE-8D42-1687A97AA82C}"
EndProject
Project("{9A19103F-16F7-4668-BE54-9A1E7A4F7556}") = "Common", "Common\Common.csproj", "{F51FD03B-FA02-4DC6-AA3B-3D634D82A0AF}"
EndProject
Project("{9A19103F-16F7-4668-BE54-9A1E7A4F7556}") = "StaticFile.EndPoint", "StaticFile.EndPoint\StaticFile.EndPoint.csproj", "{8245BF22-2AC9-4C20-9FE5-CFAD6A0631F7}"
EndProject
Global
	GlobalSection(SolutionConfigurationPlatforms) = preSolution
		Debug|Any CPU = Debug|Any CPU
		Release|Any CPU = Release|Any CPU
	EndGlobalSection
	GlobalSection(ProjectConfigurationPlatforms) = postSolution
		{462F8DFE-BA77-4E47-BBE9-5C030C82AB9F}.Debug|Any CPU.ActiveCfg = Debug|Any CPU
		{462F8DFE-BA77-4E47-BBE9-5C030C82AB9F}.Debug|Any CPU.Build.0 = Debug|Any CPU
		{462F8DFE-BA77-4E47-BBE9-5C030C82AB9F}.Release|Any CPU.ActiveCfg = Release|Any CPU
		{462F8DFE-BA77-4E47-BBE9-5C030C82AB9F}.Release|Any CPU.Build.0 = Release|Any CPU
		{80873E67-AE66-4AF8-A7CE-2F32F1ADDD17}.Debug|Any CPU.ActiveCfg = Debug|Any CPU
		{80873E67-AE66-4AF8-A7CE-2F32F1ADDD17}.Debug|Any CPU.Build.0 = Debug|Any CPU
		{80873E67-AE66-4AF8-A7CE-2F32F1ADDD17}.Release|Any CPU.ActiveCfg = Release|Any CPU
		{80873E67-AE66-4AF8-A7CE-2F32F1ADDD17}.Release|Any CPU.Build.0 = Release|Any CPU
		{A784AB26-E42D-4D53-8642-51BB362F2561}.Debug|Any CPU.ActiveCfg = Debug|Any CPU
		{A784AB26-E42D-4D53-8642-51BB362F2561}.Debug|Any CPU.Build.0 = Debug|Any CPU
		{A784AB26-E42D-4D53-8642-51BB362F2561}.Release|Any CPU.ActiveCfg = Release|Any CPU
		{A784AB26-E42D-4D53-8642-51BB362F2561}.Release|Any CPU.Build.0 = Release|Any CPU
		{40A55B88-4FFD-40CE-8ADE-74C3B8DF3EB0}.Debug|Any CPU.ActiveCfg = Debug|Any CPU
		{40A55B88-4FFD-40CE-8ADE-74C3B8DF3EB0}.Debug|Any CPU.Build.0 = Debug|Any CPU
		{40A55B88-4FFD-40CE-8ADE-74C3B8DF3EB0}.Release|Any CPU.ActiveCfg = Release|Any CPU
		{40A55B88-4FFD-40CE-8ADE-74C3B8DF3EB0}.Release|Any CPU.Build.0 = Release|Any CPU
		{CC27387A-E460-4486-88F9-01ED223CA19E}.Debug|Any CPU.ActiveCfg = Debug|Any CPU
		{CC27387A-E460-4486-88F9-01ED223CA19E}.Debug|Any CPU.Build.0 = Debug|Any CPU
		{CC27387A-E460-4486-88F9-01ED223CA19E}.Release|Any CPU.ActiveCfg = Release|Any CPU
		{CC27387A-E460-4486-88F9-01ED223CA19E}.Release|Any CPU.Build.0 = Release|Any CPU
		{65EE0DE0-4A66-405B-9ACF-1617A7FE0BBB}.Debug|Any CPU.ActiveCfg = Debug|Any CPU
		{65EE0DE0-4A66-405B-9ACF-1617A7FE0BBB}.Debug|Any CPU.Build.0 = Debug|Any CPU
		{65EE0DE0-4A66-405B-9ACF-1617A7FE0BBB}.Release|Any CPU.ActiveCfg = Release|Any CPU
		{65EE0DE0-4A66-405B-9ACF-1617A7FE0BBB}.Release|Any CPU.Build.0 = Release|Any CPU
		{F51FD03B-FA02-4DC6-AA3B-3D634D82A0AF}.Debug|Any CPU.ActiveCfg = Debug|Any CPU
		{F51FD03B-FA02-4DC6-AA3B-3D634D82A0AF}.Debug|Any CPU.Build.0 = Debug|Any CPU
		{F51FD03B-FA02-4DC6-AA3B-3D634D82A0AF}.Release|Any CPU.ActiveCfg = Release|Any CPU
		{F51FD03B-FA02-4DC6-AA3B-3D634D82A0AF}.Release|Any CPU.Build.0 = Release|Any CPU
		{8245BF22-2AC9-4C20-9FE5-CFAD6A0631F7}.Debug|Any CPU.ActiveCfg = Debug|Any CPU
		{8245BF22-2AC9-4C20-9FE5-CFAD6A0631F7}.Debug|Any CPU.Build.0 = Debug|Any CPU
		{8245BF22-2AC9-4C20-9FE5-CFAD6A0631F7}.Release|Any CPU.ActiveCfg = Release|Any CPU
		{8245BF22-2AC9-4C20-9FE5-CFAD6A0631F7}.Release|Any CPU.Build.0 = Release|Any CPU
	EndGlobalSection
	GlobalSection(SolutionProperties) = preSolution
		HideSolutionNode = FALSE
	EndGlobalSection
	GlobalSection(NestedProjects) = preSolution
		{CB07D819-3D40-4645-ACDD-7F11BB87BEA6} = {C87A03E5-6C1C-4099-843B-1A818D63D002}
		{7C7673E6-4AF2-4229-8B5B-18F6274B3202} = {C87A03E5-6C1C-4099-843B-1A818D63D002}
		{B08585C1-D7C6-44E0-9307-4D09B2B7884D} = {C87A03E5-6C1C-4099-843B-1A818D63D002}
		{462F8DFE-BA77-4E47-BBE9-5C030C82AB9F} = {CB07D819-3D40-4645-ACDD-7F11BB87BEA6}
		{80873E67-AE66-4AF8-A7CE-2F32F1ADDD17} = {CB07D819-3D40-4645-ACDD-7F11BB87BEA6}
		{A784AB26-E42D-4D53-8642-51BB362F2561} = {7C7673E6-4AF2-4229-8B5B-18F6274B3202}
		{40A55B88-4FFD-40CE-8ADE-74C3B8DF3EB0} = {7C7673E6-4AF2-4229-8B5B-18F6274B3202}
		{CC27387A-E460-4486-88F9-01ED223CA19E} = {B08585C1-D7C6-44E0-9307-4D09B2B7884D}
		{65EE0DE0-4A66-405B-9ACF-1617A7FE0BBB} = {B08585C1-D7C6-44E0-9307-4D09B2B7884D}
		{1F9F28BD-D76B-42CE-8D42-1687A97AA82C} = {C87A03E5-6C1C-4099-843B-1A818D63D002}
		{F51FD03B-FA02-4DC6-AA3B-3D634D82A0AF} = {1F9F28BD-D76B-42CE-8D42-1687A97AA82C}
		{8245BF22-2AC9-4C20-9FE5-CFAD6A0631F7} = {B08585C1-D7C6-44E0-9307-4D09B2B7884D}
	EndGlobalSection
	GlobalSection(ExtensibilityGlobals) = postSolution
		SolutionGuid = {5899A542-6B85-4DE5-BE8A-8F7FF5E61ACE}
	EndGlobalSection
EndGlobal
